
Microsoft Visual Studio Solution File, Format Version 12.00
# Visual Studio Version 16
VisualStudioVersion = 16.0.30907.101
MinimumVisualStudioVersion = 10.0.40219.1
Project("{FAE04EC0-301F-11D3-BF4B-00C04F79EFBC}") = "ClassMetotDemo", "ClassMetotDemo\ClassMetotDemo.csproj", "{493FCEC8-2F6A-426D-82A5-FD502E204733}"
EndProject
Global
	GlobalSection(SolutionConfigurationPlatforms) = preSolution
		Debug|Any CPU = Debug|Any CPU
		Release|Any CPU = Release|Any CPU
	EndGlobalSection
	GlobalSection(ProjectConfigurationPlatforms) = postSolution
		{493FCEC8-2F6A-426D-82A5-FD502E204733}.Debug|Any CPU.ActiveCfg = Debug|Any CPU
		{493FCEC8-2F6A-426D-82A5-FD502E204733}.Debug|Any CPU.Build.0 = Debug|Any CPU
		{493FCEC8-2F6A-426D-82A5-FD502E204733}.Release|Any CPU.ActiveCfg = Release|Any CPU
		{493FCEC8-2F6A-426D-82A5-FD502E204733}.Release|Any CPU.Build.0 = Release|Any CPU
	EndGlobalSection
	GlobalSection(SolutionProperties) = preSolution
		HideSolutionNode = FALSE
	EndGlobalSection
	GlobalSection(ExtensibilityGlobals) = postSolution
		SolutionGuid = {40C155DC-C865-4976-A675-E6EF52DAF32A}
	EndGlobalSection
EndGlobal
